
Microsoft Visual Studio Solution File, Format Version 12.00
# Visual Studio 2015
Project("{FAE04EC0-301F-11D3-BF4B-00C04F79EFBC}") = "DevDayTutorial001a", "DevDayTutorial001a.csproj", "{0CA1944B-38AC-6D40-5D7D-A79AB4EEEC31}"
EndProject
Global
	GlobalSection(SolutionConfigurationPlatforms) = preSolution
		Debug|Any CPU = Debug|Any CPU
		Release|Any CPU = Release|Any CPU
	EndGlobalSection
	GlobalSection(ProjectConfigurationPlatforms) = postSolution
		{0CA1944B-38AC-6D40-5D7D-A79AB4EEEC31}.Debug|Any CPU.ActiveCfg = Debug|Any CPU
		{0CA1944B-38AC-6D40-5D7D-A79AB4EEEC31}.Debug|Any CPU.Build.0 = Debug|Any CPU
		{0CA1944B-38AC-6D40-5D7D-A79AB4EEEC31}.Release|Any CPU.ActiveCfg = Release|Any CPU
		{0CA1944B-38AC-6D40-5D7D-A79AB4EEEC31}.Release|Any CPU.Build.0 = Release|Any CPU
	EndGlobalSection
	GlobalSection(SolutionProperties) = preSolution
		HideSolutionNode = FALSE
	EndGlobalSection
EndGlobal
